
Microsoft Visual Studio Solution File, Format Version 12.00
# Visual Studio 15
VisualStudioVersion = 15.0.28307.421
MinimumVisualStudioVersion = 10.0.40219.1
Project("{2150E333-8FDC-42A3-9474-1A3956D46DE8}") = "MultiThreading", "MultiThreading", "{36F83C3F-5E92-4691-8C22-3F7644AB6EA8}"
EndProject
Project("{FAE04EC0-301F-11D3-BF4B-00C04F79EFBC}") = "MultiThreading.Task1", "MultiThreading.Task1\MultiThreading.Task1.csproj", "{71B8B525-A40F-4DF4-8B12-54BF02BBCCC7}"
EndProject
Project("{FAE04EC0-301F-11D3-BF4B-00C04F79EFBC}") = "MultiThreading.Task2", "MultiThreading.Task2\MultiThreading.Task2.csproj", "{0610BFA6-B13D-43C5-B386-ED7E690B0D79}"
EndProject
Project("{FAE04EC0-301F-11D3-BF4B-00C04F79EFBC}") = "MultiThreading.Task3", "MultiThreading.Task3\MultiThreading.Task3.csproj", "{704C792B-D655-4DEF-9445-D466B0D6214B}"
EndProject
Project("{FAE04EC0-301F-11D3-BF4B-00C04F79EFBC}") = "MultiThreading.Task4", "MultiThreading.Task4\MultiThreading.Task4.csproj", "{94611A31-A981-475C-B84B-E96E3A837352}"
EndProject
Project("{FAE04EC0-301F-11D3-BF4B-00C04F79EFBC}") = "MultiThreading.Task5", "MultiThreading.Task5\MultiThreading.Task5.csproj", "{95F45AED-C516-4A4A-8ABA-E4BD42F441C7}"
EndProject
Project("{FAE04EC0-301F-11D3-BF4B-00C04F79EFBC}") = "MultiThreading.Task6", "MultiThreading.Task6\MultiThreading.Task6.csproj", "{997D4206-C3A5-4E49-92A1-44A945ABDD14}"
EndProject
Project("{FAE04EC0-301F-11D3-BF4B-00C04F79EFBC}") = "MultiThreading.Task7", "MultiThreading.Task7\MultiThreading.Task7.csproj", "{6080A1ED-3F5E-4AD9-807B-FD29C357C0EC}"
EndProject
Project("{2150E333-8FDC-42A3-9474-1A3956D46DE8}") = "AsyncAwait", "AsyncAwait", "{FFD0F829-1559-49B5-B0C0-5D4E3170108B}"
EndProject
Project("{FAE04EC0-301F-11D3-BF4B-00C04F79EFBC}") = "AsyncAwait.Task1", "AsyncAwait.Task1\AsyncAwait.Task1.csproj", "{2C1522F6-C186-4199-9BC5-12FC019C84A0}"
EndProject
Project("{FAE04EC0-301F-11D3-BF4B-00C04F79EFBC}") = "AsyncAwait.Task2", "AsyncAwait.Task2\AsyncAwait.Task2.csproj", "{56275060-6D52-4E17-9BBA-046AD513BBE6}"
EndProject
Project("{FAE04EC0-301F-11D3-BF4B-00C04F79EFBC}") = "AsyncAwait.Task3", "AsyncAwait.Task3\AsyncAwait.Task3.csproj", "{48D712DA-D708-4846-9373-C9BBF86669BB}"
EndProject
Project("{FAE04EC0-301F-11D3-BF4B-00C04F79EFBC}") = "AsyncAwait.Task4", "AsyncAwait.Task4\AsyncAwait.Task4.csproj", "{01A9E11C-E0F6-4E6D-9026-473B48DC6BD4}"
EndProject
Global
	GlobalSection(SolutionConfigurationPlatforms) = preSolution
		Debug|Any CPU = Debug|Any CPU
		Release|Any CPU = Release|Any CPU
	EndGlobalSection
	GlobalSection(ProjectConfigurationPlatforms) = postSolution
		{71B8B525-A40F-4DF4-8B12-54BF02BBCCC7}.Debug|Any CPU.ActiveCfg = Debug|Any CPU
		{71B8B525-A40F-4DF4-8B12-54BF02BBCCC7}.Debug|Any CPU.Build.0 = Debug|Any CPU
		{71B8B525-A40F-4DF4-8B12-54BF02BBCCC7}.Release|Any CPU.ActiveCfg = Release|Any CPU
		{71B8B525-A40F-4DF4-8B12-54BF02BBCCC7}.Release|Any CPU.Build.0 = Release|Any CPU
		{0610BFA6-B13D-43C5-B386-ED7E690B0D79}.Debug|Any CPU.ActiveCfg = Debug|Any CPU
		{0610BFA6-B13D-43C5-B386-ED7E690B0D79}.Debug|Any CPU.Build.0 = Debug|Any CPU
		{0610BFA6-B13D-43C5-B386-ED7E690B0D79}.Release|Any CPU.ActiveCfg = Release|Any CPU
		{0610BFA6-B13D-43C5-B386-ED7E690B0D79}.Release|Any CPU.Build.0 = Release|Any CPU
		{704C792B-D655-4DEF-9445-D466B0D6214B}.Debug|Any CPU.ActiveCfg = Debug|Any CPU
		{704C792B-D655-4DEF-9445-D466B0D6214B}.Debug|Any CPU.Build.0 = Debug|Any CPU
		{704C792B-D655-4DEF-9445-D466B0D6214B}.Release|Any CPU.ActiveCfg = Release|Any CPU
		{704C792B-D655-4DEF-9445-D466B0D6214B}.Release|Any CPU.Build.0 = Release|Any CPU
		{94611A31-A981-475C-B84B-E96E3A837352}.Debug|Any CPU.ActiveCfg = Debug|Any CPU
		{94611A31-A981-475C-B84B-E96E3A837352}.Debug|Any CPU.Build.0 = Debug|Any CPU
		{94611A31-A981-475C-B84B-E96E3A837352}.Release|Any CPU.ActiveCfg = Release|Any CPU
		{94611A31-A981-475C-B84B-E96E3A837352}.Release|Any CPU.Build.0 = Release|Any CPU
		{95F45AED-C516-4A4A-8ABA-E4BD42F441C7}.Debug|Any CPU.ActiveCfg = Debug|Any CPU
		{95F45AED-C516-4A4A-8ABA-E4BD42F441C7}.Debug|Any CPU.Build.0 = Debug|Any CPU
		{95F45AED-C516-4A4A-8ABA-E4BD42F441C7}.Release|Any CPU.ActiveCfg = Release|Any CPU
		{95F45AED-C516-4A4A-8ABA-E4BD42F441C7}.Release|Any CPU.Build.0 = Release|Any CPU
		{997D4206-C3A5-4E49-92A1-44A945ABDD14}.Debug|Any CPU.ActiveCfg = Debug|Any CPU
		{997D4206-C3A5-4E49-92A1-44A945ABDD14}.Debug|Any CPU.Build.0 = Debug|Any CPU
		{997D4206-C3A5-4E49-92A1-44A945ABDD14}.Release|Any CPU.ActiveCfg = Release|Any CPU
		{997D4206-C3A5-4E49-92A1-44A945ABDD14}.Release|Any CPU.Build.0 = Release|Any CPU
		{6080A1ED-3F5E-4AD9-807B-FD29C357C0EC}.Debug|Any CPU.ActiveCfg = Debug|Any CPU
		{6080A1ED-3F5E-4AD9-807B-FD29C357C0EC}.Debug|Any CPU.Build.0 = Debug|Any CPU
		{6080A1ED-3F5E-4AD9-807B-FD29C357C0EC}.Release|Any CPU.ActiveCfg = Release|Any CPU
		{6080A1ED-3F5E-4AD9-807B-FD29C357C0EC}.Release|Any CPU.Build.0 = Release|Any CPU
		{2C1522F6-C186-4199-9BC5-12FC019C84A0}.Debug|Any CPU.ActiveCfg = Debug|Any CPU
		{2C1522F6-C186-4199-9BC5-12FC019C84A0}.Debug|Any CPU.Build.0 = Debug|Any CPU
		{2C1522F6-C186-4199-9BC5-12FC019C84A0}.Release|Any CPU.ActiveCfg = Release|Any CPU
		{2C1522F6-C186-4199-9BC5-12FC019C84A0}.Release|Any CPU.Build.0 = Release|Any CPU
		{56275060-6D52-4E17-9BBA-046AD513BBE6}.Debug|Any CPU.ActiveCfg = Debug|Any CPU
		{56275060-6D52-4E17-9BBA-046AD513BBE6}.Debug|Any CPU.Build.0 = Debug|Any CPU
		{56275060-6D52-4E17-9BBA-046AD513BBE6}.Release|Any CPU.ActiveCfg = Release|Any CPU
		{56275060-6D52-4E17-9BBA-046AD513BBE6}.Release|Any CPU.Build.0 = Release|Any CPU
		{48D712DA-D708-4846-9373-C9BBF86669BB}.Debug|Any CPU.ActiveCfg = Debug|Any CPU
		{48D712DA-D708-4846-9373-C9BBF86669BB}.Debug|Any CPU.Build.0 = Debug|Any CPU
		{48D712DA-D708-4846-9373-C9BBF86669BB}.Release|Any CPU.ActiveCfg = Release|Any CPU
		{48D712DA-D708-4846-9373-C9BBF86669BB}.Release|Any CPU.Build.0 = Release|Any CPU
		{01A9E11C-E0F6-4E6D-9026-473B48DC6BD4}.Debug|Any CPU.ActiveCfg = Debug|Any CPU
		{01A9E11C-E0F6-4E6D-9026-473B48DC6BD4}.Debug|Any CPU.Build.0 = Debug|Any CPU
		{01A9E11C-E0F6-4E6D-9026-473B48DC6BD4}.Release|Any CPU.ActiveCfg = Release|Any CPU
		{01A9E11C-E0F6-4E6D-9026-473B48DC6BD4}.Release|Any CPU.Build.0 = Release|Any CPU
	EndGlobalSection
	GlobalSection(SolutionProperties) = preSolution
		HideSolutionNode = FALSE
	EndGlobalSection
	GlobalSection(NestedProjects) = preSolution
		{71B8B525-A40F-4DF4-8B12-54BF02BBCCC7} = {36F83C3F-5E92-4691-8C22-3F7644AB6EA8}
		{0610BFA6-B13D-43C5-B386-ED7E690B0D79} = {36F83C3F-5E92-4691-8C22-3F7644AB6EA8}
		{704C792B-D655-4DEF-9445-D466B0D6214B} = {36F83C3F-5E92-4691-8C22-3F7644AB6EA8}
		{94611A31-A981-475C-B84B-E96E3A837352} = {36F83C3F-5E92-4691-8C22-3F7644AB6EA8}
		{95F45AED-C516-4A4A-8ABA-E4BD42F441C7} = {36F83C3F-5E92-4691-8C22-3F7644AB6EA8}
		{997D4206-C3A5-4E49-92A1-44A945ABDD14} = {36F83C3F-5E92-4691-8C22-3F7644AB6EA8}
		{6080A1ED-3F5E-4AD9-807B-FD29C357C0EC} = {36F83C3F-5E92-4691-8C22-3F7644AB6EA8}
		{2C1522F6-C186-4199-9BC5-12FC019C84A0} = {FFD0F829-1559-49B5-B0C0-5D4E3170108B}
		{56275060-6D52-4E17-9BBA-046AD513BBE6} = {FFD0F829-1559-49B5-B0C0-5D4E3170108B}
		{48D712DA-D708-4846-9373-C9BBF86669BB} = {FFD0F829-1559-49B5-B0C0-5D4E3170108B}
		{01A9E11C-E0F6-4E6D-9026-473B48DC6BD4} = {FFD0F829-1559-49B5-B0C0-5D4E3170108B}
	EndGlobalSection
	GlobalSection(ExtensibilityGlobals) = postSolution
		SolutionGuid = {D12153D1-A15A-43F0-A16B-C37B32C2BAD0}
	EndGlobalSection
EndGlobal
